
Microsoft Visual Studio Solution File, Format Version 12.00
# Visual Studio Version 16
VisualStudioVersion = 16.0.30523.141
MinimumVisualStudioVersion = 10.0.40219.1
Project("{FAE04EC0-301F-11D3-BF4B-00C04F79EFBC}") = "KNYZHKA", "KNYZHKA\KNYZHKA.csproj", "{F823D6BD-529C-415D-9FF0-F02F818EB007}"
EndProject
Global
	GlobalSection(SolutionConfigurationPlatforms) = preSolution
		Debug|Any CPU = Debug|Any CPU
		Release|Any CPU = Release|Any CPU
	EndGlobalSection
	GlobalSection(ProjectConfigurationPlatforms) = postSolution
		{F823D6BD-529C-415D-9FF0-F02F818EB007}.Debug|Any CPU.ActiveCfg = Debug|Any CPU
		{F823D6BD-529C-415D-9FF0-F02F818EB007}.Debug|Any CPU.Build.0 = Debug|Any CPU
		{F823D6BD-529C-415D-9FF0-F02F818EB007}.Release|Any CPU.ActiveCfg = Release|Any CPU
		{F823D6BD-529C-415D-9FF0-F02F818EB007}.Release|Any CPU.Build.0 = Release|Any CPU
	EndGlobalSection
	GlobalSection(SolutionProperties) = preSolution
		HideSolutionNode = FALSE
	EndGlobalSection
	GlobalSection(ExtensibilityGlobals) = postSolution
		SolutionGuid = {2BEF7568-A620-435D-87EF-C07A6972026F}
	EndGlobalSection
EndGlobal
